
Microsoft Visual Studio Solution File, Format Version 12.00
# Visual Studio Version 16
VisualStudioVersion = 25.0.1705.3
MinimumVisualStudioVersion = 10.0.40219.1
Project("{FAE04EC0-301F-11D3-BF4B-00C04F79EFBC}") = "SpaceX.Domain", "SpaceX.Domain\SpaceX.Domain.csproj", "{6BFDFA39-ED88-4ECC-8C9C-4012164A418B}"
EndProject
Project("{FAE04EC0-301F-11D3-BF4B-00C04F79EFBC}") = "SpaceX.Applicaiton", "SpaceX.Applicaiton\SpaceX.Applicaiton.csproj", "{CB1124A7-1EC4-4B4B-95FB-5A609351BC7B}"
EndProject
Project("{FAE04EC0-301F-11D3-BF4B-00C04F79EFBC}") = "SpaceX.Infrastructure", "SpaceX.Infrastructure\SpaceX.Infrastructure.csproj", "{AF76DF0B-A62C-4082-9EE7-EDB85CCD52C7}"
EndProject
Project("{FAE04EC0-301F-11D3-BF4B-00C04F79EFBC}") = "SpaceX.Api", "SpaceX.Api\SpaceX.Api.csproj", "{B77DD0A5-0241-4767-8CCF-B5D807DB4F58}"
EndProject
Project("{FAE04EC0-301F-11D3-BF4B-00C04F79EFBC}") = "SpaceX.Api.Tests", "SpaceX.Api.Tests\SpaceX.Api.Tests.csproj", "{5BFE5310-B1A7-42F8-AA89-46AC26A9E778}"
EndProject
Project("{2150E333-8FDC-42A3-9474-1A3956D46DE8}") = "files", "files", "{07D9D093-438D-4A11-9542-0AB2FCECFDF5}"
	ProjectSection(SolutionItems) = preProject
		launchdata.json = launchdata.json
	EndProjectSection
EndProject
Global
	GlobalSection(SolutionConfigurationPlatforms) = preSolution
		Debug|Any CPU = Debug|Any CPU
		Release|Any CPU = Release|Any CPU
	EndGlobalSection
	GlobalSection(ProjectConfigurationPlatforms) = postSolution
		{6BFDFA39-ED88-4ECC-8C9C-4012164A418B}.Debug|Any CPU.ActiveCfg = Debug|Any CPU
		{6BFDFA39-ED88-4ECC-8C9C-4012164A418B}.Debug|Any CPU.Build.0 = Debug|Any CPU
		{6BFDFA39-ED88-4ECC-8C9C-4012164A418B}.Release|Any CPU.ActiveCfg = Release|Any CPU
		{6BFDFA39-ED88-4ECC-8C9C-4012164A418B}.Release|Any CPU.Build.0 = Release|Any CPU
		{CB1124A7-1EC4-4B4B-95FB-5A609351BC7B}.Debug|Any CPU.ActiveCfg = Debug|Any CPU
		{CB1124A7-1EC4-4B4B-95FB-5A609351BC7B}.Debug|Any CPU.Build.0 = Debug|Any CPU
		{CB1124A7-1EC4-4B4B-95FB-5A609351BC7B}.Release|Any CPU.ActiveCfg = Release|Any CPU
		{CB1124A7-1EC4-4B4B-95FB-5A609351BC7B}.Release|Any CPU.Build.0 = Release|Any CPU
		{AF76DF0B-A62C-4082-9EE7-EDB85CCD52C7}.Debug|Any CPU.ActiveCfg = Debug|Any CPU
		{AF76DF0B-A62C-4082-9EE7-EDB85CCD52C7}.Debug|Any CPU.Build.0 = Debug|Any CPU
		{AF76DF0B-A62C-4082-9EE7-EDB85CCD52C7}.Release|Any CPU.ActiveCfg = Release|Any CPU
		{AF76DF0B-A62C-4082-9EE7-EDB85CCD52C7}.Release|Any CPU.Build.0 = Release|Any CPU
		{B77DD0A5-0241-4767-8CCF-B5D807DB4F58}.Debug|Any CPU.ActiveCfg = Debug|Any CPU
		{B77DD0A5-0241-4767-8CCF-B5D807DB4F58}.Debug|Any CPU.Build.0 = Debug|Any CPU
		{B77DD0A5-0241-4767-8CCF-B5D807DB4F58}.Release|Any CPU.ActiveCfg = Release|Any CPU
		{B77DD0A5-0241-4767-8CCF-B5D807DB4F58}.Release|Any CPU.Build.0 = Release|Any CPU
		{5BFE5310-B1A7-42F8-AA89-46AC26A9E778}.Debug|Any CPU.ActiveCfg = Debug|Any CPU
		{5BFE5310-B1A7-42F8-AA89-46AC26A9E778}.Debug|Any CPU.Build.0 = Debug|Any CPU
		{5BFE5310-B1A7-42F8-AA89-46AC26A9E778}.Release|Any CPU.ActiveCfg = Release|Any CPU
		{5BFE5310-B1A7-42F8-AA89-46AC26A9E778}.Release|Any CPU.Build.0 = Release|Any CPU
	EndGlobalSection
	GlobalSection(SolutionProperties) = preSolution
		HideSolutionNode = FALSE
	EndGlobalSection
	GlobalSection(ExtensibilityGlobals) = postSolution
		SolutionGuid = {7F9E5C80-EB4C-4CEB-BBE9-B6469596F714}
	EndGlobalSection
EndGlobal
